
Microsoft Visual Studio Solution File, Format Version 12.00
# Visual Studio Version 16
VisualStudioVersion = 16.0.31005.135
MinimumVisualStudioVersion = 10.0.40219.1
Project("{00D1A9C2-B5F0-4AF3-8072-F6C62B433612}") = "r", "Data-Life\r.sqlproj", "{4D7B679A-BA2F-4127-B4D8-81A0E4B288E5}"
EndProject
Global
	GlobalSection(SolutionConfigurationPlatforms) = preSolution
		Debug|Any CPU = Debug|Any CPU
		Release|Any CPU = Release|Any CPU
	EndGlobalSection
	GlobalSection(ProjectConfigurationPlatforms) = postSolution
		{4D7B679A-BA2F-4127-B4D8-81A0E4B288E5}.Debug|Any CPU.ActiveCfg = Debug|Any CPU
		{4D7B679A-BA2F-4127-B4D8-81A0E4B288E5}.Debug|Any CPU.Build.0 = Debug|Any CPU
		{4D7B679A-BA2F-4127-B4D8-81A0E4B288E5}.Debug|Any CPU.Deploy.0 = Debug|Any CPU
		{4D7B679A-BA2F-4127-B4D8-81A0E4B288E5}.Release|Any CPU.ActiveCfg = Release|Any CPU
		{4D7B679A-BA2F-4127-B4D8-81A0E4B288E5}.Release|Any CPU.Build.0 = Release|Any CPU
		{4D7B679A-BA2F-4127-B4D8-81A0E4B288E5}.Release|Any CPU.Deploy.0 = Release|Any CPU
	EndGlobalSection
	GlobalSection(SolutionProperties) = preSolution
		HideSolutionNode = FALSE
	EndGlobalSection
	GlobalSection(ExtensibilityGlobals) = postSolution
		SolutionGuid = {EF232566-DFDA-430E-9FAC-C8DFE30C3CD0}
	EndGlobalSection
EndGlobal
